
Microsoft Visual Studio Solution File, Format Version 12.00
# Visual Studio Version 17
VisualStudioVersion = 17.14.37314.3 d17.14
MinimumVisualStudioVersion = 10.0.40219.1
Project("{FAE04EC0-301F-11D3-BF4B-00C04F79EFBC}") = "HospitalAPI", "HospitalAPI.csproj", "{0F26726C-E738-4884-BED8-8897277AD36D}"
EndProject
Global
	GlobalSection(SolutionConfigurationPlatforms) = preSolution
		Debug|Any CPU = Debug|Any CPU
		Release|Any CPU = Release|Any CPU
	EndGlobalSection
	GlobalSection(ProjectConfigurationPlatforms) = postSolution
		{0F26726C-E738-4884-BED8-8897277AD36D}.Debug|Any CPU.ActiveCfg = Debug|Any CPU
		{0F26726C-E738-4884-BED8-8897277AD36D}.Debug|Any CPU.Build.0 = Debug|Any CPU
		{0F26726C-E738-4884-BED8-8897277AD36D}.Release|Any CPU.ActiveCfg = Release|Any CPU
		{0F26726C-E738-4884-BED8-8897277AD36D}.Release|Any CPU.Build.0 = Release|Any CPU
	EndGlobalSection
	GlobalSection(SolutionProperties) = preSolution
		HideSolutionNode = FALSE
	EndGlobalSection
	GlobalSection(ExtensibilityGlobals) = postSolution
		SolutionGuid = {0555CD1A-0F76-4B08-A67D-0770EB4656C3}
	EndGlobalSection
EndGlobal
